{
    "_meta": {
        "hash": {
            "sha256": "2957cca4aa1d0fd8da60240d1c68ee253a9f6267e8f90d6470be3181b51576cb"
        },
        "host-environment-markers": {
            "implementation_name": "cpython",
            "implementation_version": "0",
            "os_name": "posix",
            "platform_machine": "x86_64",
            "platform_python_implementation": "CPython",
            "platform_release": "17.2.0",
            "platform_system": "Darwin",
            "platform_version": "Darwin Kernel Version 17.2.0: Fri Sep 29 18:27:05 PDT 2017; root:xnu-4570.20.62~3/RELEASE_X86_64",
            "python_full_version": "2.7.13",
            "python_version": "2.7",
            "sys_platform": "darwin"
        },
        "pipfile-spec": 6,
        "requires": {
            "python_version": "2.7"
        },
        "sources": [
            {
                "name": "pypi",
                "url": "https://pypi.tuna.tsinghua.edu.cn/simple",
                "verify_ssl": true
            }
        ]
    },
    "default": {
        "alembic": {
            "hashes": [],
            "version": "==0.9.6"
        },
        "amqp": {
            "hashes": [],
            "version": "==1.4.9"
        },
        "anyjson": {
            "hashes": [],
            "version": "==0.3.3"
        },
        "asn1crypto": {
            "hashes": [],
            "version": "==0.23.0"
        },
        "babel": {
            "hashes": [],
            "version": "==2.5.1"
        },
        "backports.ssl-match-hostname": {
            "hashes": [],
            "version": "==3.5.0.1"
        },
        "billiard": {
            "hashes": [],
            "version": "==3.3.0.23"
        },
        "boto3": {
            "hashes": [],
            "version": "==1.4.4"
        },
        "botocore": {
            "hashes": [],
            "version": "==1.5.95"
        },
        "celery": {
            "hashes": [],
            "version": "==3.1.25"
        },
        "certifi": {
            "hashes": [],
            "version": "==2017.11.5"
        },
        "cffi": {
            "hashes": [],
            "version": "==1.11.2"
        },
        "chardet": {
            "hashes": [],
            "version": "==3.0.4"
        },
        "click": {
            "hashes": [],
            "version": "==6.7"
        },
        "colorama": {
            "hashes": [],
            "version": "==0.3.9"
        },
        "cryptography": {
            "hashes": [],
            "version": "==1.9"
        },
        "docutils": {
            "hashes": [],
            "version": "==0.14"
        },
        "enum34": {
            "hashes": [],
            "version": "==1.1.6"
        },
        "flask": {
            "hashes": [],
            "version": "==0.12.2"
        },
        "flask-appbuilder": {
            "hashes": [],
            "version": "==1.9.4"
        },
        "flask-babel": {
            "hashes": [],
            "version": "==0.11.1"
        },
        "flask-cache": {
            "hashes": [],
            "version": "==0.13.1"
        },
        "flask-login": {
            "hashes": [],
            "version": "==0.2.11"
        },
        "flask-migrate": {
            "hashes": [],
            "version": "==2.0.3"
        },
        "flask-openid": {
            "hashes": [],
            "version": "==1.2.5"
        },
        "flask-script": {
            "hashes": [],
            "version": "==2.0.5"
        },
        "flask-sqlalchemy": {
            "hashes": [],
            "version": "==2.1"
        },
        "flask-testing": {
            "hashes": [],
            "version": "==0.6.2"
        },
        "flask-wtf": {
            "hashes": [],
            "version": "==0.14.2"
        },
        "flower": {
            "hashes": [],
            "version": "==0.9.1"
        },
        "future": {
            "hashes": [],
            "version": "==0.16.0"
        },
        "futures": {
            "hashes": [],
            "version": "==3.1.1"
        },
        "gunicorn": {
            "hashes": [],
            "version": "==19.7.1"
        },
        "humanize": {
            "hashes": [],
            "version": "==0.5.1"
        },
        "idna": {
            "hashes": [],
            "version": "==2.5"
        },
        "ipaddress": {
            "hashes": [],
            "version": "==1.0.18"
        },
        "itsdangerous": {
            "hashes": [],
            "version": "==0.24"
        },
        "jinja2": {
            "hashes": [],
            "version": "==2.10"
        },
        "jmespath": {
            "hashes": [],
            "version": "==0.9.3"
        },
        "kombu": {
            "hashes": [],
            "version": "==3.0.37"
        },
        "mako": {
            "hashes": [],
            "version": "==1.0.7"
        },
        "markdown": {
            "hashes": [],
            "version": "==2.6.8"
        },
        "markupsafe": {
            "hashes": [],
            "version": "==1.0"
        },
        "meld3": {
            "hashes": [],
            "version": "==1.0.2"
        },
        "numpy": {
            "hashes": [],
            "version": "==1.13.3"
        },
        "pandas": {
            "hashes": [],
            "version": "==0.20.3"
        },
        "parsedatetime": {
            "hashes": [],
            "version": "==2.0.0"
        },
        "pycparser": {
            "hashes": [],
            "version": "==2.18"
        },
        "pydruid": {
            "hashes": [],
            "version": "==0.3.1"
        },
        "pyhive": {
            "hashes": [],
            "version": "==0.5.0"
        },
        "python-dateutil": {
            "hashes": [],
            "version": "==2.6.0"
        },
        "python-editor": {
            "hashes": [],
            "version": "==1.0.3"
        },
        "python-openid": {
            "hashes": [],
            "version": "==2.2.5"
        },
        "pytz": {
            "hashes": [],
            "version": "==2017.3"
        },
        "requests": {
            "hashes": [],
            "version": "==2.17.3"
        },
        "s3transfer": {
            "hashes": [],
            "version": "==0.1.11"
        },
        "sasl": {
            "hashes": [],
            "version": "==0.2.1"
        },
        "simplejson": {
            "hashes": [],
            "version": "==3.10.0"
        },
        "six": {
            "hashes": [],
            "version": "==1.10.0"
        },
        "sqlalchemy": {
            "hashes": [],
            "version": "==1.1.9"
        },
        "sqlalchemy-utils": {
            "hashes": [],
            "version": "==0.32.16"
        },
        "sqlparse": {
            "hashes": [],
            "version": "==0.2.3"
        },
        "superset": {
            "hashes": [],
            "version": "==0.20.6"
        },
        "supervisor": {
            "hashes": [],
            "version": "==3.3.3"
        },
        "thrift": {
            "hashes": [],
            "version": "==0.10.0"
        },
        "thrift-sasl": {
            "hashes": [],
            "version": "==0.3.0"
        },
        "tornado": {
            "hashes": [],
            "version": "==4.2.0"
        },
        "urllib3": {
            "hashes": [],
            "version": "==1.21.1"
        },
        "werkzeug": {
            "hashes": [],
            "version": "==0.12.2"
        },
        "wtforms": {
            "hashes": [],
            "version": "==2.1"
        }
    },
    "develop": {}
}
